// !$*UTF8*$!
{
	archiveVersion = 1;
	classes = {
	};
	objectVersion = 56;
	objects = {

/* Begin PBXBuildFile section */
		A466AFC12C1D44100094DC8C /* swift_tutorialApp.swift in Sources */ = {isa = PBXBuildFile; fileRef = A466AFC02C1D44100094DC8C /* swift_tutorialApp.swift */; };
		A466AFC32C1D44100094DC8C /* ContentView.swift in Sources */ = {isa = PBXBuildFile; fileRef = A466AFC22C1D44100094DC8C /* ContentView.swift */; };
		A466AFC52C1D44130094DC8C /* Assets.xcassets in Resources */ = {isa = PBXBuildFile; fileRef = A466AFC42C1D44130094DC8C /* Assets.xcassets */; };
		A466AFC82C1D44130094DC8C /* Preview Assets.xcassets in Resources */ = {isa = PBXBuildFile; fileRef = A466AFC72C1D44130094DC8C /* Preview Assets.xcassets */; };
		A466AFD22C1D44130094DC8C /* swift_tutorialTests.swift in Sources */ = {isa = PBXBuildFile; fileRef = A466AFD12C1D44130094DC8C /* swift_tutorialTests.swift */; };
		A466AFDC2C1D44130094DC8C /* swift_tutorialUITests.swift in Sources */ = {isa = PBXBuildFile; fileRef = A466AFDB2C1D44130094DC8C /* swift_tutorialUITests.swift */; };
		A466AFDE2C1D44130094DC8C /* swift_tutorialUITestsLaunchTests.swift in Sources */ = {isa = PBXBuildFile; fileRef = A466AFDD2C1D44130094DC8C /* swift_tutorialUITestsLaunchTests.swift */; };
/* End PBXBuildFile section */

/* Begin PBXContainerItemProxy section */
		A466AFCE2C1D44130094DC8C /* PBXContainerItemProxy */ = {
			isa = PBXContainerItemProxy;
			containerPortal = A466AFB52C1D44100094DC8C /* Project object */;
			proxyType = 1;
			remoteGlobalIDString = A466AFBC2C1D44100094DC8C;
			remoteInfo = swift_tutorial;
		};
		A466AFD82C1D44130094DC8C /* PBXContainerItemProxy */ = {
			isa = PBXContainerItemProxy;
			containerPortal = A466AFB52C1D44100094DC8C /* Project object */;
			proxyType = 1;
			remoteGlobalIDString = A466AFBC2C1D44100094DC8C;
			remoteInfo = swift_tutorial;
		};
/* End PBXContainerItemProxy section */

/* Begin PBXFileReference section */
		A466AFBD2C1D44100094DC8C /* swift_tutorial.app */ = {isa = PBXFileReference; explicitFileType = wrapper.application; includeInIndex = 0; path = swift_tutorial.app; sourceTree = BUILT_PRODUCTS_DIR; };
		A466AFC02C1D44100094DC8C /* swift_tutorialApp.swift */ = {isa = PBXFileReference; lastKnownFileType = sourcecode.swift; path = swift_tutorialApp.swift; sourceTree = "<group>"; };
		A466AFC22C1D44100094DC8C /* ContentView.swift */ = {isa = PBXFileReference; lastKnownFileType = sourcecode.swift; path = ContentView.swift; sourceTree = "<group>"; };
		A466AFC42C1D44130094DC8C /* Assets.xcassets */ = {isa = PBXFileReference; lastKnownFileType = folder.assetcatalog; path = Assets.xcassets; sourceTree = "<group>"; };
		A466AFC72C1D44130094DC8C /* Preview Assets.xcassets */ = {isa = PBXFileReference; lastKnownFileType = folder.assetcatalog; path = "Preview Assets.xcassets"; sourceTree = "<group>"; };
		A466AFCD2C1D44130094DC8C /* swift_tutorialTests.xctest */ = {isa = PBXFileReference; explicitFileType = wrapper.cfbundle; includeInIndex = 0; path = swift_tutorialTests.xctest; sourceTree = BUILT_PRODUCTS_DIR; };
		A466AFD12C1D44130094DC8C /* swift_tutorialTests.swift */ = {isa = PBXFileReference; lastKnownFileType = sourcecode.swift; path = swift_tutorialTests.swift; sourceTree = "<group>"; };
		A466AFD72C1D44130094DC8C /* swift_tutorialUITests.xctest */ = {isa = PBXFileReference; explicitFileType = wrapper.cfbundle; includeInIndex = 0; path = swift_tutorialUITests.xctest; sourceTree = BUILT_PRODUCTS_DIR; };
		A466AFDB2C1D44130094DC8C /* swift_tutorialUITests.swift */ = {isa = PBXFileReference; lastKnownFileType = sourcecode.swift; path = swift_tutorialUITests.swift; sourceTree = "<group>"; };
		A466AFDD2C1D44130094DC8C /* swift_tutorialUITestsLaunchTests.swift */ = {isa = PBXFileReference; lastKnownFileType = sourcecode.swift; path = swift_tutorialUITestsLaunchTests.swift; sourceTree = "<group>"; };
/* End PBXFileReference section */

/* Begin PBXFrameworksBuildPhase section */
		A466AFBA2C1D44100094DC8C /* Frameworks */ = {
			isa = PBXFrameworksBuildPhase;
			buildActionMask = 2147483647;
			files = (
			);
			runOnlyForDeploymentPostprocessing = 0;
		};
		A466AFCA2C1D44130094DC8C /* Frameworks */ = {
			isa = PBXFrameworksBuildPhase;
			buildActionMask = 2147483647;
			files = (
			);
			runOnlyForDeploymentPostprocessing = 0;
		};
		A466AFD42C1D44130094DC8C /* Frameworks */ = {
			isa = PBXFrameworksBuildPhase;
			buildActionMask = 2147483647;
			files = (
			);
			runOnlyForDeploymentPostprocessing = 0;
		};
/* End PBXFrameworksBuildPhase section */

/* Begin PBXGroup section */
		A466AFB42C1D44100094DC8C = {
			isa = PBXGroup;
			children = (
				A466AFBF2C1D44100094DC8C /* swift_tutorial */,
				A466AFD02C1D44130094DC8C /* swift_tutorialTests */,
				A466AFDA2C1D44130094DC8C /* swift_tutorialUITests */,
				A466AFBE2C1D44100094DC8C /* Products */,
			);
			sourceTree = "<group>";
		};
		A466AFBE2C1D44100094DC8C /* Products */ = {
			isa = PBXGroup;
			children = (
				A466AFBD2C1D44100094DC8C /* swift_tutorial.app */,
				A466AFCD2C1D44130094DC8C /* swift_tutorialTests.xctest */,
				A466AFD72C1D44130094DC8C /* swift_tutorialUITests.xctest */,
			);
			name = Products;
			sourceTree = "<group>";
		};
		A466AFBF2C1D44100094DC8C /* swift_tutorial */ = {
			isa = PBXGroup;
			children = (
				A466AFC02C1D44100094DC8C /* swift_tutorialApp.swift */,
				A466AFC22C1D44100094DC8C /* ContentView.swift */,
				A466AFC42C1D44130094DC8C /* Assets.xcassets */,
				A466AFC62C1D44130094DC8C /* Preview Content */,
			);
			path = swift_tutorial;
			sourceTree = "<group>";
		};
		A466AFC62C1D44130094DC8C /* Preview Content */ = {
			isa = PBXGroup;
			children = (
				A466AFC72C1D44130094DC8C /* Preview Assets.xcassets */,
			);
			path = "Preview Content";
			sourceTree = "<group>";
		};
		A466AFD02C1D44130094DC8C /* swift_tutorialTests */ = {
			isa = PBXGroup;
			children = (
				A466AFD12C1D44130094DC8C /* swift_tutorialTests.swift */,
			);
			path = swift_tutorialTests;
			sourceTree = "<group>";
		};
		A466AFDA2C1D44130094DC8C /* swift_tutorialUITests */ = {
			isa = PBXGroup;
			children = (
				A466AFDB2C1D44130094DC8C /* swift_tutorialUITests.swift */,
				A466AFDD2C1D44130094DC8C /* swift_tutorialUITestsLaunchTests.swift */,
			);
			path = swift_tutorialUITests;
			sourceTree = "<group>";
		};
/* End PBXGroup section */

/* Begin PBXNativeTarget section */
		A466AFBC2C1D44100094DC8C /* swift_tutorial */ = {
			isa = PBXNativeTarget;
			buildConfigurationList = A466AFE12C1D44130094DC8C /* Build configuration list for PBXNativeTarget "swift_tutorial" */;
			buildPhases = (
				A466AFB92C1D44100094DC8C /* Sources */,
				A466AFBA2C1D44100094DC8C /* Frameworks */,
				A466AFBB2C1D44100094DC8C /* Resources */,
			);
			buildRules = (
			);
			dependencies = (
			);
			name = swift_tutorial;
			productName = swift_tutorial;
			productReference = A466AFBD2C1D44100094DC8C /* swift_tutorial.app */;
			productType = "com.apple.product-type.application";
		};
		A466AFCC2C1D44130094DC8C /* swift_tutorialTests */ = {
			isa = PBXNativeTarget;
			buildConfigurationList = A466AFE42C1D44130094DC8C /* Build configuration list for PBXNativeTarget "swift_tutorialTests" */;
			buildPhases = (
				A466AFC92C1D44130094DC8C /* Sources */,
				A466AFCA2C1D44130094DC8C /* Frameworks */,
				A466AFCB2C1D44130094DC8C /* Resources */,
			);
			buildRules = (
			);
			dependencies = (
				A466AFCF2C1D44130094DC8C /* PBXTargetDependency */,
			);
			name = swift_tutorialTests;
			productName = swift_tutorialTests;
			productReference = A466AFCD2C1D44130094DC8C /* swift_tutorialTests.xctest */;
			productType = "com.apple.product-type.bundle.unit-test";
		};
		A466AFD62C1D44130094DC8C /* swift_tutorialUITests */ = {
			isa = PBXNativeTarget;
			buildConfigurationList = A466AFE72C1D44130094DC8C /* Build configuration list for PBXNativeTarget "swift_tutorialUITests" */;
			buildPhases = (
				A466AFD32C1D44130094DC8C /* Sources */,
				A466AFD42C1D44130094DC8C /* Frameworks */,
				A466AFD52C1D44130094DC8C /* Resources */,
			);
			buildRules = (
			);
			dependencies = (
				A466AFD92C1D44130094DC8C /* PBXTargetDependency */,
			);
			name = swift_tutorialUITests;
			productName = swift_tutorialUITests;
			productReference = A466AFD72C1D44130094DC8C /* swift_tutorialUITests.xctest */;
			productType = "com.apple.product-type.bundle.ui-testing";
		};
/* End PBXNativeTarget section */

/* Begin PBXProject section */
		A466AFB52C1D44100094DC8C /* Project object */ = {
			isa = PBXProject;
			attributes = {
				BuildIndependentTargetsInParallel = 1;
				LastSwiftUpdateCheck = 1530;
				LastUpgradeCheck = 1530;
				TargetAttributes = {
					A466AFBC2C1D44100094DC8C = {
						CreatedOnToolsVersion = 15.3;
					};
					A466AFCC2C1D44130094DC8C = {
						CreatedOnToolsVersion = 15.3;
						TestTargetID = A466AFBC2C1D44100094DC8C;
					};
					A466AFD62C1D44130094DC8C = {
						CreatedOnToolsVersion = 15.3;
						TestTargetID = A466AFBC2C1D44100094DC8C;
					};
				};
			};
			buildConfigurationList = A466AFB82C1D44100094DC8C /* Build configuration list for PBXProject "swift_tutorial" */;
			compatibilityVersion = "Xcode 14.0";
			developmentRegion = en;
			hasScannedForEncodings = 0;
			knownRegions = (
				en,
				Base,
			);
			mainGroup = A466AFB42C1D44100094DC8C;
			productRefGroup = A466AFBE2C1D44100094DC8C /* Products */;
			projectDirPath = "";
			projectRoot = "";
			targets = (
				A466AFBC2C1D44100094DC8C /* swift_tutorial */,
				A466AFCC2C1D44130094DC8C /* swift_tutorialTests */,
				A466AFD62C1D44130094DC8C /* swift_tutorialUITests */,
			);
		};
/* End PBXProject section */

/* Begin PBXResourcesBuildPhase section */
		A466AFBB2C1D44100094DC8C /* Resources */ = {
			isa = PBXResourcesBuildPhase;
			buildActionMask = 2147483647;
			files = (
				A466AFC82C1D44130094DC8C /* Preview Assets.xcassets in Resources */,
				A466AFC52C1D44130094DC8C /* Assets.xcassets in Resources */,
			);
			runOnlyForDeploymentPostprocessing = 0;
		};
		A466AFCB2C1D44130094DC8C /* Resources */ = {
			isa = PBXResourcesBuildPhase;
			buildActionMask = 2147483647;
			files = (
			);
			runOnlyForDeploymentPostprocessing = 0;
		};
		A466AFD52C1D44130094DC8C /* Resources */ = {
			isa = PBXResourcesBuildPhase;
			buildActionMask = 2147483647;
			files = (
			);
			runOnlyForDeploymentPostprocessing = 0;
		};
/* End PBXResourcesBuildPhase section */

/* Begin PBXSourcesBuildPhase section */
		A466AFB92C1D44100094DC8C /* Sources */ = {
			isa = PBXSourcesBuildPhase;
			buildActionMask = 2147483647;
			files = (
				A466AFC32C1D44100094DC8C /* ContentView.swift in Sources */,
				A466AFC12C1D44100094DC8C /* swift_tutorialApp.swift in Sources */,
			);
			runOnlyForDeploymentPostprocessing = 0;
		};
		A466AFC92C1D44130094DC8C /* Sources */ = {
			isa = PBXSourcesBuildPhase;
			buildActionMask = 2147483647;
			files = (
				A466AFD22C1D44130094DC8C /* swift_tutorialTests.swift in Sources */,
			);
			runOnlyForDeploymentPostprocessing = 0;
		};
		A466AFD32C1D44130094DC8C /* Sources */ = {
			isa = PBXSourcesBuildPhase;
			buildActionMask = 2147483647;
			files = (
				A466AFDE2C1D44130094DC8C /* swift_tutorialUITestsLaunchTests.swift in Sources */,
				A466AFDC2C1D44130094DC8C /* swift_tutorialUITests.swift in Sources */,
			);
			runOnlyForDeploymentPostprocessing = 0;
		};
/* End PBXSourcesBuildPhase section */

/* Begin PBXTargetDependency section */
		A466AFCF2C1D44130094DC8C /* PBXTargetDependency */ = {
			isa = PBXTargetDependency;
			target = A466AFBC2C1D44100094DC8C /* swift_tutorial */;
			targetProxy = A466AFCE2C1D44130094DC8C /* PBXContainerItemProxy */;
		};
		A466AFD92C1D44130094DC8C /* PBXTargetDependency */ = {
			isa = PBXTargetDependency;
			target = A466AFBC2C1D44100094DC8C /* swift_tutorial */;
			targetProxy = A466AFD82C1D44130094DC8C /* PBXContainerItemProxy */;
		};
/* End PBXTargetDependency section */

/* Begin XCBuildConfiguration section */
		A466AFDF2C1D44130094DC8C /* Debug */ = {
			isa = XCBuildConfiguration;
			buildSettings = {
				ALWAYS_SEARCH_USER_PATHS = NO;
				ASSETCATALOG_COMPILER_GENERATE_SWIFT_ASSET_SYMBOL_EXTENSIONS = YES;
				CLANG_ANALYZER_NONNULL = YES;
				CLANG_ANALYZER_NUMBER_OBJECT_CONVERSION = YES_AGGRESSIVE;
				CLANG_CXX_LANGUAGE_STANDARD = "gnu++20";
				CLANG_ENABLE_MODULES = YES;
				CLANG_ENABLE_OBJC_ARC = YES;
				CLANG_ENABLE_OBJC_WEAK = YES;
				CLANG_WARN_BLOCK_CAPTURE_AUTORELEASING = YES;
				CLANG_WARN_BOOL_CONVERSION = YES;
				CLANG_WARN_COMMA = YES;
				CLANG_WARN_CONSTANT_CONVERSION = YES;
				CLANG_WARN_DEPRECATED_OBJC_IMPLEMENTATIONS = YES;
				CLANG_WARN_DIRECT_OBJC_ISA_USAGE = YES_ERROR;
				CLANG_WARN_DOCUMENTATION_COMMENTS = YES;
				CLANG_WARN_EMPTY_BODY = YES;
				CLANG_WARN_ENUM_CONVERSION = YES;
				CLANG_WARN_INFINITE_RECURSION = YES;
				CLANG_WARN_INT_CONVERSION = YES;
				CLANG_WARN_NON_LITERAL_NULL_CONVERSION = YES;
				CLANG_WARN_OBJC_IMPLICIT_RETAIN_SELF = YES;
				CLANG_WARN_OBJC_LITERAL_CONVERSION = YES;
				CLANG_WARN_OBJC_ROOT_CLASS = YES_ERROR;
				CLANG_WARN_QUOTED_INCLUDE_IN_FRAMEWORK_HEADER = YES;
				CLANG_WARN_RANGE_LOOP_ANALYSIS = YES;
				CLANG_WARN_STRICT_PROTOTYPES = YES;
				CLANG_WARN_SUSPICIOUS_MOVE = YES;
				CLANG_WARN_UNGUARDED_AVAILABILITY = YES_AGGRESSIVE;
				CLANG_WARN_UNREACHABLE_CODE = YES;
				CLANG_WARN__DUPLICATE_METHOD_MATCH = YES;
				COPY_PHASE_STRIP = NO;
				DEBUG_INFORMATION_FORMAT = dwarf;
				ENABLE_STRICT_OBJC_MSGSEND = YES;
				ENABLE_TESTABILITY = YES;
				ENABLE_USER_SCRIPT_SANDBOXING = YES;
				GCC_C_LANGUAGE_STANDARD = gnu17;
				GCC_DYNAMIC_NO_PIC = NO;
				GCC_NO_COMMON_BLOCKS = YES;
				GCC_OPTIMIZATION_LEVEL = 0;
				GCC_PREPROCESSOR_DEFINITIONS = (
					"DEBUG=1",
					"$(inherited)",
				);
				GCC_WARN_64_TO_32_BIT_CONVERSION = YES;
				GCC_WARN_ABOUT_RETURN_TYPE = YES_ERROR;
				GCC_WARN_UNDECLARED_SELECTOR = YES;
				GCC_WARN_UNINITIALIZED_AUTOS = YES_AGGRESSIVE;
				GCC_WARN_UNUSED_FUNCTION = YES;
				GCC_WARN_UNUSED_VARIABLE = YES;
				IPHONEOS_DEPLOYMENT_TARGET = 17.4;
				LOCALIZATION_PREFERS_STRING_CATALOGS = YES;
				MTL_ENABLE_DEBUG_INFO = INCLUDE_SOURCE;
				MTL_FAST_MATH = YES;
				ONLY_ACTIVE_ARCH = YES;
				SDKROOT = iphoneos;
				SWIFT_ACTIVE_COMPILATION_CONDITIONS = "DEBUG $(inherited)";
				SWIFT_OPTIMIZATION_LEVEL = "-Onone";
			};
			name = Debug;
		};
		A466AFE02C1D44130094DC8C /* Release */ = {
			isa = XCBuildConfiguration;
			buildSettings = {
				ALWAYS_SEARCH_USER_PATHS = NO;
				ASSETCATALOG_COMPILER_GENERATE_SWIFT_ASSET_SYMBOL_EXTENSIONS = YES;
				CLANG_ANALYZER_NONNULL = YES;
				CLANG_ANALYZER_NUMBER_OBJECT_CONVERSION = YES_AGGRESSIVE;
				CLANG_CXX_LANGUAGE_STANDARD = "gnu++20";
				CLANG_ENABLE_MODULES = YES;
				CLANG_ENABLE_OBJC_ARC = YES;
				CLANG_ENABLE_OBJC_WEAK = YES;
				CLANG_WARN_BLOCK_CAPTURE_AUTORELEASING = YES;
				CLANG_WARN_BOOL_CONVERSION = YES;
				CLANG_WARN_COMMA = YES;
				CLANG_WARN_CONSTANT_CONVERSION = YES;
				CLANG_WARN_DEPRECATED_OBJC_IMPLEMENTATIONS = YES;
				CLANG_WARN_DIRECT_OBJC_ISA_USAGE = YES_ERROR;
				CLANG_WARN_DOCUMENTATION_COMMENTS = YES;
				CLANG_WARN_EMPTY_BODY = YES;
				CLANG_WARN_ENUM_CONVERSION = YES;
				CLANG_WARN_INFINITE_RECURSION = YES;
				CLANG_WARN_INT_CONVERSION = YES;
				CLANG_WARN_NON_LITERAL_NULL_CONVERSION = YES;
				CLANG_WARN_OBJC_IMPLICIT_RETAIN_SELF = YES;
				CLANG_WARN_OBJC_LITERAL_CONVERSION = YES;
				CLANG_WARN_OBJC_ROOT_CLASS = YES_ERROR;
				CLANG_WARN_QUOTED_INCLUDE_IN_FRAMEWORK_HEADER = YES;
				CLANG_WARN_RANGE_LOOP_ANALYSIS = YES;
				CLANG_WARN_STRICT_PROTOTYPES = YES;
				CLANG_WARN_SUSPICIOUS_MOVE = YES;
				CLANG_WARN_UNGUARDED_AVAILABILITY = YES_AGGRESSIVE;
				CLANG_WARN_UNREACHABLE_CODE = YES;
				CLANG_WARN__DUPLICATE_METHOD_MATCH = YES;
				COPY_PHASE_STRIP = NO;
				DEBUG_INFORMATION_FORMAT = "dwarf-with-dsym";
				ENABLE_NS_ASSERTIONS = NO;
				ENABLE_STRICT_OBJC_MSGSEND = YES;
				ENABLE_USER_SCRIPT_SANDBOXING = YES;
				GCC_C_LANGUAGE_STANDARD = gnu17;
				GCC_NO_COMMON_BLOCKS = YES;
				GCC_WARN_64_TO_32_BIT_CONVERSION = YES;
				GCC_WARN_ABOUT_RETURN_TYPE = YES_ERROR;
				GCC_WARN_UNDECLARED_SELECTOR = YES;
				GCC_WARN_UNINITIALIZED_AUTOS = YES_AGGRESSIVE;
				GCC_WARN_UNUSED_FUNCTION = YES;
				GCC_WARN_UNUSED_VARIABLE = YES;
				IPHONEOS_DEPLOYMENT_TARGET = 17.4;
				LOCALIZATION_PREFERS_STRING_CATALOGS = YES;
				MTL_ENABLE_DEBUG_INFO = NO;
				MTL_FAST_MATH = YES;
				SDKROOT = iphoneos;
				SWIFT_COMPILATION_MODE = wholemodule;
				VALIDATE_PRODUCT = YES;
			};
			name = Release;
		};
		A466AFE22C1D44130094DC8C /* Debug */ = {
			isa = XCBuildConfiguration;
			buildSettings = {
				ASSETCATALOG_COMPILER_APPICON_NAME = AppIcon;
				ASSETCATALOG_COMPILER_GLOBAL_ACCENT_COLOR_NAME = AccentColor;
				CODE_SIGN_STYLE = Automatic;
				CURRENT_PROJECT_VERSION = 1;
				DEVELOPMENT_ASSET_PATHS = "\"swift_tutorial/Preview Content\"";
				ENABLE_PREVIEWS = YES;
				GENERATE_INFOPLIST_FILE = YES;
				INFOPLIST_KEY_UIApplicationSceneManifest_Generation = YES;
				INFOPLIST_KEY_UIApplicationSupportsIndirectInputEvents = YES;
				INFOPLIST_KEY_UILaunchScreen_Generation = YES;
				INFOPLIST_KEY_UISupportedInterfaceOrientations_iPad = "UIInterfaceOrientationPortrait UIInterfaceOrientationPortraitUpsideDown UIInterfaceOrientationLandscapeLeft UIInterfaceOrientationLandscapeRight";
				INFOPLIST_KEY_UISupportedInterfaceOrientations_iPhone = "UIInterfaceOrientationPortrait UIInterfaceOrientationLandscapeLeft UIInterfaceOrientationLandscapeRight";
				LD_RUNPATH_SEARCH_PATHS = (
					"$(inherited)",
					"@executable_path/Frameworks",
				);
				MARKETING_VERSION = 1.0;
				PRODUCT_BUNDLE_IDENTIFIER = "koudai.swift-tutorial";
				PRODUCT_NAME = "$(TARGET_NAME)";
				SWIFT_EMIT_LOC_STRINGS = YES;
				SWIFT_VERSION = 5.0;
				TARGETED_DEVICE_FAMILY = "1,2";
			};
			name = Debug;
		};
		A466AFE32C1D44130094DC8C /* Release */ = {
			isa = XCBuildConfiguration;
			buildSettings = {
				ASSETCATALOG_COMPILER_APPICON_NAME = AppIcon;
				ASSETCATALOG_COMPILER_GLOBAL_ACCENT_COLOR_NAME = AccentColor;
				CODE_SIGN_STYLE = Automatic;
				CURRENT_PROJECT_VERSION = 1;
				DEVELOPMENT_ASSET_PATHS = "\"swift_tutorial/Preview Content\"";
				ENABLE_PREVIEWS = YES;
				GENERATE_INFOPLIST_FILE = YES;
				INFOPLIST_KEY_UIApplicationSceneManifest_Generation = YES;
				INFOPLIST_KEY_UIApplicationSupportsIndirectInputEvents = YES;
				INFOPLIST_KEY_UILaunchScreen_Generation = YES;
				INFOPLIST_KEY_UISupportedInterfaceOrientations_iPad = "UIInterfaceOrientationPortrait UIInterfaceOrientationPortraitUpsideDown UIInterfaceOrientationLandscapeLeft UIInterfaceOrientationLandscapeRight";
				INFOPLIST_KEY_UISupportedInterfaceOrientations_iPhone = "UIInterfaceOrientationPortrait UIInterfaceOrientationLandscapeLeft UIInterfaceOrientationLandscapeRight";
				LD_RUNPATH_SEARCH_PATHS = (
					"$(inherited)",
					"@executable_path/Frameworks",
				);
				MARKETING_VERSION = 1.0;
				PRODUCT_BUNDLE_IDENTIFIER = "koudai.swift-tutorial";
				PRODUCT_NAME = "$(TARGET_NAME)";
				SWIFT_EMIT_LOC_STRINGS = YES;
				SWIFT_VERSION = 5.0;
				TARGETED_DEVICE_FAMILY = "1,2";
			};
			name = Release;
		};
		A466AFE52C1D44130094DC8C /* Debug */ = {
			isa = XCBuildConfiguration;
			buildSettings = {
				ALWAYS_EMBED_SWIFT_STANDARD_LIBRARIES = YES;
				BUNDLE_LOADER = "$(TEST_HOST)";
				CODE_SIGN_STYLE = Automatic;
				CURRENT_PROJECT_VERSION = 1;
				GENERATE_INFOPLIST_FILE = YES;
				IPHONEOS_DEPLOYMENT_TARGET = 17.4;
				MARKETING_VERSION = 1.0;
				PRODUCT_BUNDLE_IDENTIFIER = "koudai.swift-tutorialTests";
				PRODUCT_NAME = "$(TARGET_NAME)";
				SWIFT_EMIT_LOC_STRINGS = NO;
				SWIFT_VERSION = 5.0;
				TARGETED_DEVICE_FAMILY = "1,2";
				TEST_HOST = "$(BUILT_PRODUCTS_DIR)/swift_tutorial.app/$(BUNDLE_EXECUTABLE_FOLDER_PATH)/swift_tutorial";
			};
			name = Debug;
		};
		A466AFE62C1D44130094DC8C /* Release */ = {
			isa = XCBuildConfiguration;
			buildSettings = {
				ALWAYS_EMBED_SWIFT_STANDARD_LIBRARIES = YES;
				BUNDLE_LOADER = "$(TEST_HOST)";
				CODE_SIGN_STYLE = Automatic;
				CURRENT_PROJECT_VERSION = 1;
				GENERATE_INFOPLIST_FILE = YES;
				IPHONEOS_DEPLOYMENT_TARGET = 17.4;
				MARKETING_VERSION = 1.0;
				PRODUCT_BUNDLE_IDENTIFIER = "koudai.swift-tutorialTests";
				PRODUCT_NAME = "$(TARGET_NAME)";
				SWIFT_EMIT_LOC_STRINGS = NO;
				SWIFT_VERSION = 5.0;
				TARGETED_DEVICE_FAMILY = "1,2";
				TEST_HOST = "$(BUILT_PRODUCTS_DIR)/swift_tutorial.app/$(BUNDLE_EXECUTABLE_FOLDER_PATH)/swift_tutorial";
			};
			name = Release;
		};
		A466AFE82C1D44130094DC8C /* Debug */ = {
			isa = XCBuildConfiguration;
			buildSettings = {
				ALWAYS_EMBED_SWIFT_STANDARD_LIBRARIES = YES;
				CODE_SIGN_STYLE = Automatic;
				CURRENT_PROJECT_VERSION = 1;
				GENERATE_INFOPLIST_FILE = YES;
				MARKETING_VERSION = 1.0;
				PRODUCT_BUNDLE_IDENTIFIER = "koudai.swift-tutorialUITests";
				PRODUCT_NAME = "$(TARGET_NAME)";
				SWIFT_EMIT_LOC_STRINGS = NO;
				SWIFT_VERSION = 5.0;
				TARGETED_DEVICE_FAMILY = "1,2";
				TEST_TARGET_NAME = swift_tutorial;
			};
			name = Debug;
		};
		A466AFE92C1D44130094DC8C /* Release */ = {
			isa = XCBuildConfiguration;
			buildSettings = {
				ALWAYS_EMBED_SWIFT_STANDARD_LIBRARIES = YES;
				CODE_SIGN_STYLE = Automatic;
				CURRENT_PROJECT_VERSION = 1;
				GENERATE_INFOPLIST_FILE = YES;
				MARKETING_VERSION = 1.0;
				PRODUCT_BUNDLE_IDENTIFIER = "koudai.swift-tutorialUITests";
				PRODUCT_NAME = "$(TARGET_NAME)";
				SWIFT_EMIT_LOC_STRINGS = NO;
				SWIFT_VERSION = 5.0;
				TARGETED_DEVICE_FAMILY = "1,2";
				TEST_TARGET_NAME = swift_tutorial;
			};
			name = Release;
		};
/* End XCBuildConfiguration section */

/* Begin XCConfigurationList section */
		A466AFB82C1D44100094DC8C /* Build configuration list for PBXProject "swift_tutorial" */ = {
			isa = XCConfigurationList;
			buildConfigurations = (
				A466AFDF2C1D44130094DC8C /* Debug */,
				A466AFE02C1D44130094DC8C /* Release */,
			);
			defaultConfigurationIsVisible = 0;
			defaultConfigurationName = Release;
		};
		A466AFE12C1D44130094DC8C /* Build configuration list for PBXNativeTarget "swift_tutorial" */ = {
			isa = XCConfigurationList;
			buildConfigurations = (
				A466AFE22C1D44130094DC8C /* Debug */,
				A466AFE32C1D44130094DC8C /* Release */,
			);
			defaultConfigurationIsVisible = 0;
			defaultConfigurationName = Release;
		};
		A466AFE42C1D44130094DC8C /* Build configuration list for PBXNativeTarget "swift_tutorialTests" */ = {
			isa = XCConfigurationList;
			buildConfigurations = (
				A466AFE52C1D44130094DC8C /* Debug */,
				A466AFE62C1D44130094DC8C /* Release */,
			);
			defaultConfigurationIsVisible = 0;
			defaultConfigurationName = Release;
		};
		A466AFE72C1D44130094DC8C /* Build configuration list for PBXNativeTarget "swift_tutorialUITests" */ = {
			isa = XCConfigurationList;
			buildConfigurations = (
				A466AFE82C1D44130094DC8C /* Debug */,
				A466AFE92C1D44130094DC8C /* Release */,
			);
			defaultConfigurationIsVisible = 0;
			defaultConfigurationName = Release;
		};
/* End XCConfigurationList section */
	};
	rootObject = A466AFB52C1D44100094DC8C /* Project object */;
}
